# This file is autogenerated, do not edit; changes may be undone by the next 'dep ensure'.


[[projects]]
  branch = "master"
  digest = "1:386e5a632be2aa525a327e13694bd22bde42fe6fe925c3bfef89b59c6e10b08f"
  name = "github.com/AndreasBriese/bbloom"
  packages = ["."]
  pruneopts = "NUT"
  revision = "343706a395b76e5ca5c7dca46a5d937b48febc74"

[[projects]]
  digest = "1:e36185039e4a2845aaed9a587ff4e0acfa421aad8eb8a295c5bf609beea59276"
  name = "github.com/caarlos0/env"
  packages = ["."]
  pruneopts = "NUT"
  revision = "518fcfb943252f77846f92ce5794086d9cb4a1b5"
  version = "v3.5.0"

[[projects]]
  digest = "1:521dbffa94d29f0d7870a44a8822272ded7abcfc6d29b047e37d7eb2cb728b26"
  name = "github.com/dgraph-io/badger"
  packages = [
    ".",
    "options",
    "protos",
    "skl",
    "table",
    "y",
  ]
  pruneopts = "NUT"
  revision = "99233d725dbdd26d156c61b2f42ae1671b794656"
  version = "v1.5.4"

[[projects]]
  digest = "1:7a6852b35eb5bbc184561443762d225116ae630c26a7c4d90546619f1e7d2ad2"
  name = "github.com/dgrijalva/jwt-go"
  packages = ["."]
  pruneopts = "NUT"
  revision = "06ea1031745cb8b3dab3f6a236daf2b0aa468b7e"
  version = "v3.2.0"

[[projects]]
  branch = "master"
  digest = "1:3bde5c0379e801eefa31b42f0898745c298a25473ab62da93ac94d5da7e4196c"
  name = "github.com/dgryski/go-farm"
  packages = ["."]
  pruneopts = "NUT"
  revision = "2de33835d10275975374b37b2dcfd22c9020a1f5"

[[projects]]
  branch = "master"
  digest = "1:b91abcdf1a76bad4076ef68f2d8de5c55eecb6e13cefeb1b03e824e2a68cc8b5"
  name = "github.com/docopt/docopt-go"
  packages = ["."]
  pruneopts = "NUT"
  revision = "ee0de3bc6815ee19d4a46c7eb90f829db0e014b1"

[[projects]]
  digest = "1:c38144c2e2d2cf5592dc55f08f69b491b15f4449c54e293710fe19ea0874fa90"
  name = "github.com/go-chi/chi"
  packages = [
    ".",
    "middleware",
  ]
  pruneopts = "NUT"
  revision = "b5294d10673813fac8558e7f47242bc9e61b4c25"
  version = "v3.3.3"

[[projects]]
  digest = "1:c831043316efe18a5b81f75568c0de847645e127cac35082c68de5b4b417d18f"
  name = "github.com/go-chi/cors"
  packages = ["."]
  pruneopts = "NUT"
  revision = "dba6525398619dead495962a916728e7ee2ca322"
  version = "v1.0.0"

[[projects]]
  digest = "1:3e74d56538fe7967f427a5a6b990c24f5a0332699233cd02c045dc29f65909cc"
  name = "github.com/go-chi/jwtauth"
  packages = ["."]
  pruneopts = "NUT"
  revision = "fcf2c975beb3edf5fd627d4904f693ebfc3c4363"
  version = "v4.0.0"

[[projects]]
  digest = "1:97df918963298c287643883209a2c3f642e6593379f97ab400c2a2e219ab647d"
  name = "github.com/golang/protobuf"
  packages = ["proto"]
  pruneopts = "NUT"
  revision = "aa810b61a9c79d51363740d207bb46cf8e620ed5"
  version = "v1.2.0"

[[projects]]
  digest = "1:da62aa6632d04e080b8a8b85a59ed9ed1550842a0099a55f3ae3a20d02a3745a"
  name = "github.com/joho/godotenv"
  packages = ["."]
  pruneopts = "NUT"
  revision = "23d116af351c84513e1946b527c88823e476be13"
  version = "v1.3.0"

[[projects]]
  digest = "1:5cf3f025cbee5951a4ee961de067c8a89fc95a5adabead774f82822efabab121"
  name = "github.com/pkg/errors"
  packages = ["."]
  pruneopts = "NUT"
  revision = "645ef00459ed84a119197bfb8d8205042c6df63d"
  version = "v0.8.0"

[[projects]]
  digest = "1:3c788f7d06056ceac3d8a3d7557366966cd42453b6f4a8ba7a3ba75544465994"
  name = "github.com/rs/zerolog"
  packages = [
    ".",
    "internal/cbor",
    "internal/json",
    "log",
  ]
  pruneopts = "NUT"
  revision = "e7627a4f73bfd66654c39d79386e5374cc36ffec"
  version = "v1.10.0"

[[projects]]
  branch = "master"
  digest = "1:1ecf2a49df33be51e757d0033d5d51d5f784f35f68e5a38f797b2d3f03357d71"
  name = "golang.org/x/crypto"
  packages = [
    "bcrypt",
    "blowfish",
  ]
  pruneopts = "NUT"
  revision = "4d3f4d9ffa16a13f451c3b2999e9c49e9750bf06"

[[projects]]
  branch = "master"
  digest = "1:a7b3aa11890fbe342ed4bf76a27986473d13103ae14796dcf2b55521c93e2547"
  name = "golang.org/x/net"
  packages = [
    "context",
    "internal/timeseries",
    "trace",
  ]
  pruneopts = "NUT"
  revision = "10aee181995363b41f712a55844a0dd52ea04646"

[[projects]]
  branch = "master"
  digest = "1:699bffc8d9b9af71d85d140c92be3488477269430910c518a246f2db4ca28c79"
  name = "golang.org/x/sys"
  packages = ["unix"]
  pruneopts = "NUT"
  revision = "7155702f2d47d94b134229da97195d0130cab001"

[[projects]]
  digest = "1:aea6e9483c167cc6fdf1274c442558c5dda8fd3373372be04d98c79100868da1"
  name = "gopkg.in/asn1-ber.v1"
  packages = ["."]
  pruneopts = "NUT"
  revision = "379148ca0225df7a432012b8df0355c2a2063ac0"
  version = "v1.2"

[[projects]]
  digest = "1:7e1c00b9959544fa1ccca7cf0407a5b29ac6d5201059c4fac6f599cb99bfd24d"
  name = "gopkg.in/ldap.v2"
  packages = ["."]
  pruneopts = "NUT"
  revision = "bb7a9ca6e4fbc2129e3db588a34bc970ffe811a9"
  version = "v2.5.1"

[solve-meta]
  analyzer-name = "dep"
  analyzer-version = 1
  input-imports = [
    "github.com/caarlos0/env",
    "github.com/dgraph-io/badger",
    "github.com/dgrijalva/jwt-go",
    "github.com/docopt/docopt-go",
    "github.com/go-chi/chi",
    "github.com/go-chi/chi/middleware",
    "github.com/go-chi/cors",
    "github.com/go-chi/jwtauth",
    "github.com/joho/godotenv",
    "github.com/rs/zerolog",
    "github.com/rs/zerolog/log",
    "golang.org/x/crypto/bcrypt",
    "gopkg.in/ldap.v2",
  ]
  solver-name = "gps-cdcl"
  solver-version = 1
